// !$*UTF8*$!
{
	archiveVersion = 1;
	classes = {
	};
	objectVersion = 55;
	objects = {

/* Begin PBXBuildFile section */
		3E44477348BAADEDD2A4E560 /* Pods_AbhiLib.framework in Frameworks */ = {isa = PBXBuildFile; fileRef = 9E196072CC6689851893EBF6 /* Pods_AbhiLib.framework */; };
		67F7A511280D7D0100F81750 /* AbhiLib.framework in Frameworks */ = {isa = PBXBuildFile; fileRef = 67F7A508280D7D0100F81750 /* AbhiLib.framework */; };
		67F7A516280D7D0100F81750 /* AbhiLibTests.swift in Sources */ = {isa = PBXBuildFile; fileRef = 67F7A515280D7D0100F81750 /* AbhiLibTests.swift */; };
		67F7A517280D7D0100F81750 /* AbhiLib.h in Headers */ = {isa = PBXBuildFile; fileRef = 67F7A50B280D7D0100F81750 /* AbhiLib.h */; settings = {ATTRIBUTES = (Public, ); }; };
		67F7A527280D7D3200F81750 /* AppDelegate.swift in Sources */ = {isa = PBXBuildFile; fileRef = 67F7A526280D7D3200F81750 /* AppDelegate.swift */; };
		67F7A529280D7D3200F81750 /* SceneDelegate.swift in Sources */ = {isa = PBXBuildFile; fileRef = 67F7A528280D7D3200F81750 /* SceneDelegate.swift */; };
		67F7A52B280D7D3200F81750 /* ViewController.swift in Sources */ = {isa = PBXBuildFile; fileRef = 67F7A52A280D7D3200F81750 /* ViewController.swift */; };
		67F7A52E280D7D3200F81750 /* Main.storyboard in Resources */ = {isa = PBXBuildFile; fileRef = 67F7A52C280D7D3200F81750 /* Main.storyboard */; };
		67F7A530280D7D3400F81750 /* Assets.xcassets in Resources */ = {isa = PBXBuildFile; fileRef = 67F7A52F280D7D3400F81750 /* Assets.xcassets */; };
		67F7A533280D7D3400F81750 /* LaunchScreen.storyboard in Resources */ = {isa = PBXBuildFile; fileRef = 67F7A531280D7D3400F81750 /* LaunchScreen.storyboard */; };
		67F7A539280D7DF800F81750 /* AbhiLab.swift in Sources */ = {isa = PBXBuildFile; fileRef = 67F7A538280D7DF800F81750 /* AbhiLab.swift */; };
		6B49553F6D465B73FB0C0DAE /* Pods_AbhiLibExample.framework in Frameworks */ = {isa = PBXBuildFile; fileRef = 7B0F63355295F1814FA5535D /* Pods_AbhiLibExample.framework */; };
		D296AFD2F3AA97A85D75127E /* Pods_AbhiLib_AbhiLibTests.framework in Frameworks */ = {isa = PBXBuildFile; fileRef = D86160E637AA3A081EE2692C /* Pods_AbhiLib_AbhiLibTests.framework */; };
/* End PBXBuildFile section */

/* Begin PBXContainerItemProxy section */
		67F7A512280D7D0100F81750 /* PBXContainerItemProxy */ = {
			isa = PBXContainerItemProxy;
			containerPortal = 67F7A4FF280D7D0100F81750 /* Project object */;
			proxyType = 1;
			remoteGlobalIDString = 67F7A507280D7D0100F81750;
			remoteInfo = AbhiLib;
		};
/* End PBXContainerItemProxy section */

/* Begin PBXFileReference section */
		1A69E3802D589D663320E09B /* Pods-AbhiLib-AbhiLibTests.release.xcconfig */ = {isa = PBXFileReference; includeInIndex = 1; lastKnownFileType = text.xcconfig; name = "Pods-AbhiLib-AbhiLibTests.release.xcconfig"; path = "Target Support Files/Pods-AbhiLib-AbhiLibTests/Pods-AbhiLib-AbhiLibTests.release.xcconfig"; sourceTree = "<group>"; };
		1F1B4D611EB559B33F26732B /* Pods-AbhiLib.release.xcconfig */ = {isa = PBXFileReference; includeInIndex = 1; lastKnownFileType = text.xcconfig; name = "Pods-AbhiLib.release.xcconfig"; path = "Target Support Files/Pods-AbhiLib/Pods-AbhiLib.release.xcconfig"; sourceTree = "<group>"; };
		3754F95CFDF5A528E9355F93 /* Pods-AbhiLibExample.debug.xcconfig */ = {isa = PBXFileReference; includeInIndex = 1; lastKnownFileType = text.xcconfig; name = "Pods-AbhiLibExample.debug.xcconfig"; path = "Target Support Files/Pods-AbhiLibExample/Pods-AbhiLibExample.debug.xcconfig"; sourceTree = "<group>"; };
		4C7F88D0DCDC7841B9175BF8 /* Pods-AbhiLib.debug.xcconfig */ = {isa = PBXFileReference; includeInIndex = 1; lastKnownFileType = text.xcconfig; name = "Pods-AbhiLib.debug.xcconfig"; path = "Target Support Files/Pods-AbhiLib/Pods-AbhiLib.debug.xcconfig"; sourceTree = "<group>"; };
		67F7A508280D7D0100F81750 /* AbhiLib.framework */ = {isa = PBXFileReference; explicitFileType = wrapper.framework; includeInIndex = 0; path = AbhiLib.framework; sourceTree = BUILT_PRODUCTS_DIR; };
		67F7A50B280D7D0100F81750 /* AbhiLib.h */ = {isa = PBXFileReference; lastKnownFileType = sourcecode.c.h; path = AbhiLib.h; sourceTree = "<group>"; };
		67F7A510280D7D0100F81750 /* AbhiLibTests.xctest */ = {isa = PBXFileReference; explicitFileType = wrapper.cfbundle; includeInIndex = 0; path = AbhiLibTests.xctest; sourceTree = BUILT_PRODUCTS_DIR; };
		67F7A515280D7D0100F81750 /* AbhiLibTests.swift */ = {isa = PBXFileReference; lastKnownFileType = sourcecode.swift; path = AbhiLibTests.swift; sourceTree = "<group>"; };
		67F7A524280D7D3200F81750 /* AbhiLibExample.app */ = {isa = PBXFileReference; explicitFileType = wrapper.application; includeInIndex = 0; path = AbhiLibExample.app; sourceTree = BUILT_PRODUCTS_DIR; };
		67F7A526280D7D3200F81750 /* AppDelegate.swift */ = {isa = PBXFileReference; lastKnownFileType = sourcecode.swift; path = AppDelegate.swift; sourceTree = "<group>"; };
		67F7A528280D7D3200F81750 /* SceneDelegate.swift */ = {isa = PBXFileReference; lastKnownFileType = sourcecode.swift; path = SceneDelegate.swift; sourceTree = "<group>"; };
		67F7A52A280D7D3200F81750 /* ViewController.swift */ = {isa = PBXFileReference; lastKnownFileType = sourcecode.swift; path = ViewController.swift; sourceTree = "<group>"; };
		67F7A52D280D7D3200F81750 /* Base */ = {isa = PBXFileReference; lastKnownFileType = file.storyboard; name = Base; path = Base.lproj/Main.storyboard; sourceTree = "<group>"; };
		67F7A52F280D7D3400F81750 /* Assets.xcassets */ = {isa = PBXFileReference; lastKnownFileType = folder.assetcatalog; path = Assets.xcassets; sourceTree = "<group>"; };
		67F7A532280D7D3400F81750 /* Base */ = {isa = PBXFileReference; lastKnownFileType = file.storyboard; name = Base; path = Base.lproj/LaunchScreen.storyboard; sourceTree = "<group>"; };
		67F7A534280D7D3400F81750 /* Info.plist */ = {isa = PBXFileReference; lastKnownFileType = text.plist.xml; path = Info.plist; sourceTree = "<group>"; };
		67F7A538280D7DF800F81750 /* AbhiLab.swift */ = {isa = PBXFileReference; lastKnownFileType = sourcecode.swift; path = AbhiLab.swift; sourceTree = "<group>"; };
		7B0F63355295F1814FA5535D /* Pods_AbhiLibExample.framework */ = {isa = PBXFileReference; explicitFileType = wrapper.framework; includeInIndex = 0; path = Pods_AbhiLibExample.framework; sourceTree = BUILT_PRODUCTS_DIR; };
		845DF65A99B7BAE16DD6F9A9 /* Pods-AbhiLibExample.release.xcconfig */ = {isa = PBXFileReference; includeInIndex = 1; lastKnownFileType = text.xcconfig; name = "Pods-AbhiLibExample.release.xcconfig"; path = "Target Support Files/Pods-AbhiLibExample/Pods-AbhiLibExample.release.xcconfig"; sourceTree = "<group>"; };
		9E196072CC6689851893EBF6 /* Pods_AbhiLib.framework */ = {isa = PBXFileReference; explicitFileType = wrapper.framework; includeInIndex = 0; path = Pods_AbhiLib.framework; sourceTree = BUILT_PRODUCTS_DIR; };
		A8E5F9DD1D4421A42B78FD73 /* Pods-AbhiLib-AbhiLibTests.debug.xcconfig */ = {isa = PBXFileReference; includeInIndex = 1; lastKnownFileType = text.xcconfig; name = "Pods-AbhiLib-AbhiLibTests.debug.xcconfig"; path = "Target Support Files/Pods-AbhiLib-AbhiLibTests/Pods-AbhiLib-AbhiLibTests.debug.xcconfig"; sourceTree = "<group>"; };
		D86160E637AA3A081EE2692C /* Pods_AbhiLib_AbhiLibTests.framework */ = {isa = PBXFileReference; explicitFileType = wrapper.framework; includeInIndex = 0; path = Pods_AbhiLib_AbhiLibTests.framework; sourceTree = BUILT_PRODUCTS_DIR; };
/* End PBXFileReference section */

/* Begin PBXFrameworksBuildPhase section */
		67F7A505280D7D0100F81750 /* Frameworks */ = {
			isa = PBXFrameworksBuildPhase;
			buildActionMask = 2147483647;
			files = (
				3E44477348BAADEDD2A4E560 /* Pods_AbhiLib.framework in Frameworks */,
			);
			runOnlyForDeploymentPostprocessing = 0;
		};
		67F7A50D280D7D0100F81750 /* Frameworks */ = {
			isa = PBXFrameworksBuildPhase;
			buildActionMask = 2147483647;
			files = (
				67F7A511280D7D0100F81750 /* AbhiLib.framework in Frameworks */,
				D296AFD2F3AA97A85D75127E /* Pods_AbhiLib_AbhiLibTests.framework in Frameworks */,
			);
			runOnlyForDeploymentPostprocessing = 0;
		};
		67F7A521280D7D3200F81750 /* Frameworks */ = {
			isa = PBXFrameworksBuildPhase;
			buildActionMask = 2147483647;
			files = (
				6B49553F6D465B73FB0C0DAE /* Pods_AbhiLibExample.framework in Frameworks */,
			);
			runOnlyForDeploymentPostprocessing = 0;
		};
/* End PBXFrameworksBuildPhase section */

/* Begin PBXGroup section */
		2B7B80293DE620F06E14FC76 /* Frameworks */ = {
			isa = PBXGroup;
			children = (
				9E196072CC6689851893EBF6 /* Pods_AbhiLib.framework */,
				D86160E637AA3A081EE2692C /* Pods_AbhiLib_AbhiLibTests.framework */,
				7B0F63355295F1814FA5535D /* Pods_AbhiLibExample.framework */,
			);
			name = Frameworks;
			sourceTree = "<group>";
		};
		5A7868488CDDA6120AA034AD /* Pods */ = {
			isa = PBXGroup;
			children = (
				4C7F88D0DCDC7841B9175BF8 /* Pods-AbhiLib.debug.xcconfig */,
				1F1B4D611EB559B33F26732B /* Pods-AbhiLib.release.xcconfig */,
				A8E5F9DD1D4421A42B78FD73 /* Pods-AbhiLib-AbhiLibTests.debug.xcconfig */,
				1A69E3802D589D663320E09B /* Pods-AbhiLib-AbhiLibTests.release.xcconfig */,
				3754F95CFDF5A528E9355F93 /* Pods-AbhiLibExample.debug.xcconfig */,
				845DF65A99B7BAE16DD6F9A9 /* Pods-AbhiLibExample.release.xcconfig */,
			);
			name = Pods;
			path = Pods;
			sourceTree = "<group>";
		};
		67F7A4FE280D7D0100F81750 = {
			isa = PBXGroup;
			children = (
				67F7A50A280D7D0100F81750 /* AbhiLib */,
				67F7A514280D7D0100F81750 /* AbhiLibTests */,
				67F7A525280D7D3200F81750 /* AbhiLibExample */,
				67F7A509280D7D0100F81750 /* Products */,
				5A7868488CDDA6120AA034AD /* Pods */,
				2B7B80293DE620F06E14FC76 /* Frameworks */,
			);
			sourceTree = "<group>";
		};
		67F7A509280D7D0100F81750 /* Products */ = {
			isa = PBXGroup;
			children = (
				67F7A508280D7D0100F81750 /* AbhiLib.framework */,
				67F7A510280D7D0100F81750 /* AbhiLibTests.xctest */,
				67F7A524280D7D3200F81750 /* AbhiLibExample.app */,
			);
			name = Products;
			sourceTree = "<group>";
		};
		67F7A50A280D7D0100F81750 /* AbhiLib */ = {
			isa = PBXGroup;
			children = (
				67F7A50B280D7D0100F81750 /* AbhiLib.h */,
				67F7A538280D7DF800F81750 /* AbhiLab.swift */,
			);
			path = AbhiLib;
			sourceTree = "<group>";
		};
		67F7A514280D7D0100F81750 /* AbhiLibTests */ = {
			isa = PBXGroup;
			children = (
				67F7A515280D7D0100F81750 /* AbhiLibTests.swift */,
			);
			path = AbhiLibTests;
			sourceTree = "<group>";
		};
		67F7A525280D7D3200F81750 /* AbhiLibExample */ = {
			isa = PBXGroup;
			children = (
				67F7A526280D7D3200F81750 /* AppDelegate.swift */,
				67F7A528280D7D3200F81750 /* SceneDelegate.swift */,
				67F7A52A280D7D3200F81750 /* ViewController.swift */,
				67F7A52C280D7D3200F81750 /* Main.storyboard */,
				67F7A52F280D7D3400F81750 /* Assets.xcassets */,
				67F7A531280D7D3400F81750 /* LaunchScreen.storyboard */,
				67F7A534280D7D3400F81750 /* Info.plist */,
			);
			path = AbhiLibExample;
			sourceTree = "<group>";
		};
/* End PBXGroup section */

/* Begin PBXHeadersBuildPhase section */
		67F7A503280D7D0100F81750 /* Headers */ = {
			isa = PBXHeadersBuildPhase;
			buildActionMask = 2147483647;
			files = (
				67F7A517280D7D0100F81750 /* AbhiLib.h in Headers */,
			);
			runOnlyForDeploymentPostprocessing = 0;
		};
/* End PBXHeadersBuildPhase section */

/* Begin PBXNativeTarget section */
		67F7A507280D7D0100F81750 /* AbhiLib */ = {
			isa = PBXNativeTarget;
			buildConfigurationList = 67F7A51A280D7D0100F81750 /* Build configuration list for PBXNativeTarget "AbhiLib" */;
			buildPhases = (
				45D3197507E0BD5BC528F792 /* [CP] Check Pods Manifest.lock */,
				67F7A503280D7D0100F81750 /* Headers */,
				67F7A504280D7D0100F81750 /* Sources */,
				67F7A505280D7D0100F81750 /* Frameworks */,
				67F7A506280D7D0100F81750 /* Resources */,
			);
			buildRules = (
			);
			dependencies = (
			);
			name = AbhiLib;
			productName = AbhiLib;
			productReference = 67F7A508280D7D0100F81750 /* AbhiLib.framework */;
			productType = "com.apple.product-type.framework";
		};
		67F7A50F280D7D0100F81750 /* AbhiLibTests */ = {
			isa = PBXNativeTarget;
			buildConfigurationList = 67F7A51D280D7D0100F81750 /* Build configuration list for PBXNativeTarget "AbhiLibTests" */;
			buildPhases = (
				F93BA3FDDED172CB0495D36B /* [CP] Check Pods Manifest.lock */,
				67F7A50C280D7D0100F81750 /* Sources */,
				67F7A50D280D7D0100F81750 /* Frameworks */,
				67F7A50E280D7D0100F81750 /* Resources */,
				6B2A13F66C0138FC4DC27346 /* [CP] Embed Pods Frameworks */,
			);
			buildRules = (
			);
			dependencies = (
				67F7A513280D7D0100F81750 /* PBXTargetDependency */,
			);
			name = AbhiLibTests;
			productName = AbhiLibTests;
			productReference = 67F7A510280D7D0100F81750 /* AbhiLibTests.xctest */;
			productType = "com.apple.product-type.bundle.unit-test";
		};
		67F7A523280D7D3200F81750 /* AbhiLibExample */ = {
			isa = PBXNativeTarget;
			buildConfigurationList = 67F7A535280D7D3400F81750 /* Build configuration list for PBXNativeTarget "AbhiLibExample" */;
			buildPhases = (
				CAE5DFC7872E54EDFFC8C496 /* [CP] Check Pods Manifest.lock */,
				67F7A520280D7D3200F81750 /* Sources */,
				67F7A521280D7D3200F81750 /* Frameworks */,
				67F7A522280D7D3200F81750 /* Resources */,
				4A9EC370F68AEE0832154412 /* [CP] Embed Pods Frameworks */,
			);
			buildRules = (
			);
			dependencies = (
			);
			name = AbhiLibExample;
			productName = AbhiLibExample;
			productReference = 67F7A524280D7D3200F81750 /* AbhiLibExample.app */;
			productType = "com.apple.product-type.application";
		};
/* End PBXNativeTarget section */

/* Begin PBXProject section */
		67F7A4FF280D7D0100F81750 /* Project object */ = {
			isa = PBXProject;
			attributes = {
				BuildIndependentTargetsInParallel = 1;
				LastSwiftUpdateCheck = 1330;
				LastUpgradeCheck = 1330;
				TargetAttributes = {
					67F7A507280D7D0100F81750 = {
						CreatedOnToolsVersion = 13.3;
						LastSwiftMigration = 1330;
					};
					67F7A50F280D7D0100F81750 = {
						CreatedOnToolsVersion = 13.3;
					};
					67F7A523280D7D3200F81750 = {
						CreatedOnToolsVersion = 13.3;
					};
				};
			};
			buildConfigurationList = 67F7A502280D7D0100F81750 /* Build configuration list for PBXProject "AbhiLib" */;
			compatibilityVersion = "Xcode 13.0";
			developmentRegion = en;
			hasScannedForEncodings = 0;
			knownRegions = (
				en,
				Base,
			);
			mainGroup = 67F7A4FE280D7D0100F81750;
			productRefGroup = 67F7A509280D7D0100F81750 /* Products */;
			projectDirPath = "";
			projectRoot = "";
			targets = (
				67F7A507280D7D0100F81750 /* AbhiLib */,
				67F7A50F280D7D0100F81750 /* AbhiLibTests */,
				67F7A523280D7D3200F81750 /* AbhiLibExample */,
			);
		};
/* End PBXProject section */

/* Begin PBXResourcesBuildPhase section */
		67F7A506280D7D0100F81750 /* Resources */ = {
			isa = PBXResourcesBuildPhase;
			buildActionMask = 2147483647;
			files = (
			);
			runOnlyForDeploymentPostprocessing = 0;
		};
		67F7A50E280D7D0100F81750 /* Resources */ = {
			isa = PBXResourcesBuildPhase;
			buildActionMask = 2147483647;
			files = (
			);
			runOnlyForDeploymentPostprocessing = 0;
		};
		67F7A522280D7D3200F81750 /* Resources */ = {
			isa = PBXResourcesBuildPhase;
			buildActionMask = 2147483647;
			files = (
				67F7A533280D7D3400F81750 /* LaunchScreen.storyboard in Resources */,
				67F7A530280D7D3400F81750 /* Assets.xcassets in Resources */,
				67F7A52E280D7D3200F81750 /* Main.storyboard in Resources */,
			);
			runOnlyForDeploymentPostprocessing = 0;
		};
/* End PBXResourcesBuildPhase section */

/* Begin PBXShellScriptBuildPhase section */
		45D3197507E0BD5BC528F792 /* [CP] Check Pods Manifest.lock */ = {
			isa = PBXShellScriptBuildPhase;
			buildActionMask = 2147483647;
			files = (
			);
			inputFileListPaths = (
			);
			inputPaths = (
				"${PODS_PODFILE_DIR_PATH}/Podfile.lock",
				"${PODS_ROOT}/Manifest.lock",
			);
			name = "[CP] Check Pods Manifest.lock";
			outputFileListPaths = (
			);
			outputPaths = (
				"$(DERIVED_FILE_DIR)/Pods-AbhiLib-checkManifestLockResult.txt",
			);
			runOnlyForDeploymentPostprocessing = 0;
			shellPath = /bin/sh;
			shellScript = "diff \"${PODS_PODFILE_DIR_PATH}/Podfile.lock\" \"${PODS_ROOT}/Manifest.lock\" > /dev/null\nif [ $? != 0 ] ; then\n    # print error to STDERR\n    echo \"error: The sandbox is not in sync with the Podfile.lock. Run 'pod install' or update your CocoaPods installation.\" >&2\n    exit 1\nfi\n# This output is used by Xcode 'outputs' to avoid re-running this script phase.\necho \"SUCCESS\" > \"${SCRIPT_OUTPUT_FILE_0}\"\n";
			showEnvVarsInLog = 0;
		};
		4A9EC370F68AEE0832154412 /* [CP] Embed Pods Frameworks */ = {
			isa = PBXShellScriptBuildPhase;
			buildActionMask = 2147483647;
			files = (
			);
			inputFileListPaths = (
				"${PODS_ROOT}/Target Support Files/Pods-AbhiLibExample/Pods-AbhiLibExample-frameworks-${CONFIGURATION}-input-files.xcfilelist",
			);
			name = "[CP] Embed Pods Frameworks";
			outputFileListPaths = (
				"${PODS_ROOT}/Target Support Files/Pods-AbhiLibExample/Pods-AbhiLibExample-frameworks-${CONFIGURATION}-output-files.xcfilelist",
			);
			runOnlyForDeploymentPostprocessing = 0;
			shellPath = /bin/sh;
			shellScript = "\"${PODS_ROOT}/Target Support Files/Pods-AbhiLibExample/Pods-AbhiLibExample-frameworks.sh\"\n";
			showEnvVarsInLog = 0;
		};
		6B2A13F66C0138FC4DC27346 /* [CP] Embed Pods Frameworks */ = {
			isa = PBXShellScriptBuildPhase;
			buildActionMask = 2147483647;
			files = (
			);
			inputFileListPaths = (
				"${PODS_ROOT}/Target Support Files/Pods-AbhiLib-AbhiLibTests/Pods-AbhiLib-AbhiLibTests-frameworks-${CONFIGURATION}-input-files.xcfilelist",
			);
			name = "[CP] Embed Pods Frameworks";
			outputFileListPaths = (
				"${PODS_ROOT}/Target Support Files/Pods-AbhiLib-AbhiLibTests/Pods-AbhiLib-AbhiLibTests-frameworks-${CONFIGURATION}-output-files.xcfilelist",
			);
			runOnlyForDeploymentPostprocessing = 0;
			shellPath = /bin/sh;
			shellScript = "\"${PODS_ROOT}/Target Support Files/Pods-AbhiLib-AbhiLibTests/Pods-AbhiLib-AbhiLibTests-frameworks.sh\"\n";
			showEnvVarsInLog = 0;
		};
		CAE5DFC7872E54EDFFC8C496 /* [CP] Check Pods Manifest.lock */ = {
			isa = PBXShellScriptBuildPhase;
			buildActionMask = 2147483647;
			files = (
			);
			inputFileListPaths = (
			);
			inputPaths = (
				"${PODS_PODFILE_DIR_PATH}/Podfile.lock",
				"${PODS_ROOT}/Manifest.lock",
			);
			name = "[CP] Check Pods Manifest.lock";
			outputFileListPaths = (
			);
			outputPaths = (
				"$(DERIVED_FILE_DIR)/Pods-AbhiLibExample-checkManifestLockResult.txt",
			);
			runOnlyForDeploymentPostprocessing = 0;
			shellPath = /bin/sh;
			shellScript = "diff \"${PODS_PODFILE_DIR_PATH}/Podfile.lock\" \"${PODS_ROOT}/Manifest.lock\" > /dev/null\nif [ $? != 0 ] ; then\n    # print error to STDERR\n    echo \"error: The sandbox is not in sync with the Podfile.lock. Run 'pod install' or update your CocoaPods installation.\" >&2\n    exit 1\nfi\n# This output is used by Xcode 'outputs' to avoid re-running this script phase.\necho \"SUCCESS\" > \"${SCRIPT_OUTPUT_FILE_0}\"\n";
			showEnvVarsInLog = 0;
		};
		F93BA3FDDED172CB0495D36B /* [CP] Check Pods Manifest.lock */ = {
			isa = PBXShellScriptBuildPhase;
			buildActionMask = 2147483647;
			files = (
			);
			inputFileListPaths = (
			);
			inputPaths = (
				"${PODS_PODFILE_DIR_PATH}/Podfile.lock",
				"${PODS_ROOT}/Manifest.lock",
			);
			name = "[CP] Check Pods Manifest.lock";
			outputFileListPaths = (
			);
			outputPaths = (
				"$(DERIVED_FILE_DIR)/Pods-AbhiLib-AbhiLibTests-checkManifestLockResult.txt",
			);
			runOnlyForDeploymentPostprocessing = 0;
			shellPath = /bin/sh;
			shellScript = "diff \"${PODS_PODFILE_DIR_PATH}/Podfile.lock\" \"${PODS_ROOT}/Manifest.lock\" > /dev/null\nif [ $? != 0 ] ; then\n    # print error to STDERR\n    echo \"error: The sandbox is not in sync with the Podfile.lock. Run 'pod install' or update your CocoaPods installation.\" >&2\n    exit 1\nfi\n# This output is used by Xcode 'outputs' to avoid re-running this script phase.\necho \"SUCCESS\" > \"${SCRIPT_OUTPUT_FILE_0}\"\n";
			showEnvVarsInLog = 0;
		};
/* End PBXShellScriptBuildPhase section */

/* Begin PBXSourcesBuildPhase section */
		67F7A504280D7D0100F81750 /* Sources */ = {
			isa = PBXSourcesBuildPhase;
			buildActionMask = 2147483647;
			files = (
				67F7A539280D7DF800F81750 /* AbhiLab.swift in Sources */,
			);
			runOnlyForDeploymentPostprocessing = 0;
		};
		67F7A50C280D7D0100F81750 /* Sources */ = {
			isa = PBXSourcesBuildPhase;
			buildActionMask = 2147483647;
			files = (
				67F7A516280D7D0100F81750 /* AbhiLibTests.swift in Sources */,
			);
			runOnlyForDeploymentPostprocessing = 0;
		};
		67F7A520280D7D3200F81750 /* Sources */ = {
			isa = PBXSourcesBuildPhase;
			buildActionMask = 2147483647;
			files = (
				67F7A52B280D7D3200F81750 /* ViewController.swift in Sources */,
				67F7A527280D7D3200F81750 /* AppDelegate.swift in Sources */,
				67F7A529280D7D3200F81750 /* SceneDelegate.swift in Sources */,
			);
			runOnlyForDeploymentPostprocessing = 0;
		};
/* End PBXSourcesBuildPhase section */

/* Begin PBXTargetDependency section */
		67F7A513280D7D0100F81750 /* PBXTargetDependency */ = {
			isa = PBXTargetDependency;
			target = 67F7A507280D7D0100F81750 /* AbhiLib */;
			targetProxy = 67F7A512280D7D0100F81750 /* PBXContainerItemProxy */;
		};
/* End PBXTargetDependency section */

/* Begin PBXVariantGroup section */
		67F7A52C280D7D3200F81750 /* Main.storyboard */ = {
			isa = PBXVariantGroup;
			children = (
				67F7A52D280D7D3200F81750 /* Base */,
			);
			name = Main.storyboard;
			sourceTree = "<group>";
		};
		67F7A531280D7D3400F81750 /* LaunchScreen.storyboard */ = {
			isa = PBXVariantGroup;
			children = (
				67F7A532280D7D3400F81750 /* Base */,
			);
			name = LaunchScreen.storyboard;
			sourceTree = "<group>";
		};
/* End PBXVariantGroup section */

/* Begin XCBuildConfiguration section */
		67F7A518280D7D0100F81750 /* Debug */ = {
			isa = XCBuildConfiguration;
			buildSettings = {
				ALWAYS_SEARCH_USER_PATHS = NO;
				CLANG_ANALYZER_NONNULL = YES;
				CLANG_ANALYZER_NUMBER_OBJECT_CONVERSION = YES_AGGRESSIVE;
				CLANG_CXX_LANGUAGE_STANDARD = "gnu++17";
				CLANG_ENABLE_MODULES = YES;
				CLANG_ENABLE_OBJC_ARC = YES;
				CLANG_ENABLE_OBJC_WEAK = YES;
				CLANG_WARN_BLOCK_CAPTURE_AUTORELEASING = YES;
				CLANG_WARN_BOOL_CONVERSION = YES;
				CLANG_WARN_COMMA = YES;
				CLANG_WARN_CONSTANT_CONVERSION = YES;
				CLANG_WARN_DEPRECATED_OBJC_IMPLEMENTATIONS = YES;
				CLANG_WARN_DIRECT_OBJC_ISA_USAGE = YES_ERROR;
				CLANG_WARN_DOCUMENTATION_COMMENTS = YES;
				CLANG_WARN_EMPTY_BODY = YES;
				CLANG_WARN_ENUM_CONVERSION = YES;
				CLANG_WARN_INFINITE_RECURSION = YES;
				CLANG_WARN_INT_CONVERSION = YES;
				CLANG_WARN_NON_LITERAL_NULL_CONVERSION = YES;
				CLANG_WARN_OBJC_IMPLICIT_RETAIN_SELF = YES;
				CLANG_WARN_OBJC_LITERAL_CONVERSION = YES;
				CLANG_WARN_OBJC_ROOT_CLASS = YES_ERROR;
				CLANG_WARN_QUOTED_INCLUDE_IN_FRAMEWORK_HEADER = YES;
				CLANG_WARN_RANGE_LOOP_ANALYSIS = YES;
				CLANG_WARN_STRICT_PROTOTYPES = YES;
				CLANG_WARN_SUSPICIOUS_MOVE = YES;
				CLANG_WARN_UNGUARDED_AVAILABILITY = YES_AGGRESSIVE;
				CLANG_WARN_UNREACHABLE_CODE = YES;
				CLANG_WARN__DUPLICATE_METHOD_MATCH = YES;
				COPY_PHASE_STRIP = NO;
				CURRENT_PROJECT_VERSION = 1;
				DEBUG_INFORMATION_FORMAT = dwarf;
				ENABLE_STRICT_OBJC_MSGSEND = YES;
				ENABLE_TESTABILITY = YES;
				GCC_C_LANGUAGE_STANDARD = gnu11;
				GCC_DYNAMIC_NO_PIC = NO;
				GCC_NO_COMMON_BLOCKS = YES;
				GCC_OPTIMIZATION_LEVEL = 0;
				GCC_PREPROCESSOR_DEFINITIONS = (
					"DEBUG=1",
					"$(inherited)",
				);
				GCC_WARN_64_TO_32_BIT_CONVERSION = YES;
				GCC_WARN_ABOUT_RETURN_TYPE = YES_ERROR;
				GCC_WARN_UNDECLARED_SELECTOR = YES;
				GCC_WARN_UNINITIALIZED_AUTOS = YES_AGGRESSIVE;
				GCC_WARN_UNUSED_FUNCTION = YES;
				GCC_WARN_UNUSED_VARIABLE = YES;
				IPHONEOS_DEPLOYMENT_TARGET = 15.4;
				MTL_ENABLE_DEBUG_INFO = INCLUDE_SOURCE;
				MTL_FAST_MATH = YES;
				ONLY_ACTIVE_ARCH = YES;
				SDKROOT = iphoneos;
				SWIFT_ACTIVE_COMPILATION_CONDITIONS = DEBUG;
				SWIFT_OPTIMIZATION_LEVEL = "-Onone";
				VERSIONING_SYSTEM = "apple-generic";
				VERSION_INFO_PREFIX = "";
			};
			name = Debug;
		};
		67F7A519280D7D0100F81750 /* Release */ = {
			isa = XCBuildConfiguration;
			buildSettings = {
				ALWAYS_SEARCH_USER_PATHS = NO;
				CLANG_ANALYZER_NONNULL = YES;
				CLANG_ANALYZER_NUMBER_OBJECT_CONVERSION = YES_AGGRESSIVE;
				CLANG_CXX_LANGUAGE_STANDARD = "gnu++17";
				CLANG_ENABLE_MODULES = YES;
				CLANG_ENABLE_OBJC_ARC = YES;
				CLANG_ENABLE_OBJC_WEAK = YES;
				CLANG_WARN_BLOCK_CAPTURE_AUTORELEASING = YES;
				CLANG_WARN_BOOL_CONVERSION = YES;
				CLANG_WARN_COMMA = YES;
				CLANG_WARN_CONSTANT_CONVERSION = YES;
				CLANG_WARN_DEPRECATED_OBJC_IMPLEMENTATIONS = YES;
				CLANG_WARN_DIRECT_OBJC_ISA_USAGE = YES_ERROR;
				CLANG_WARN_DOCUMENTATION_COMMENTS = YES;
				CLANG_WARN_EMPTY_BODY = YES;
				CLANG_WARN_ENUM_CONVERSION = YES;
				CLANG_WARN_INFINITE_RECURSION = YES;
				CLANG_WARN_INT_CONVERSION = YES;
				CLANG_WARN_NON_LITERAL_NULL_CONVERSION = YES;
				CLANG_WARN_OBJC_IMPLICIT_RETAIN_SELF = YES;
				CLANG_WARN_OBJC_LITERAL_CONVERSION = YES;
				CLANG_WARN_OBJC_ROOT_CLASS = YES_ERROR;
				CLANG_WARN_QUOTED_INCLUDE_IN_FRAMEWORK_HEADER = YES;
				CLANG_WARN_RANGE_LOOP_ANALYSIS = YES;
				CLANG_WARN_STRICT_PROTOTYPES = YES;
				CLANG_WARN_SUSPICIOUS_MOVE = YES;
				CLANG_WARN_UNGUARDED_AVAILABILITY = YES_AGGRESSIVE;
				CLANG_WARN_UNREACHABLE_CODE = YES;
				CLANG_WARN__DUPLICATE_METHOD_MATCH = YES;
				COPY_PHASE_STRIP = NO;
				CURRENT_PROJECT_VERSION = 1;
				DEBUG_INFORMATION_FORMAT = "dwarf-with-dsym";
				ENABLE_NS_ASSERTIONS = NO;
				ENABLE_STRICT_OBJC_MSGSEND = YES;
				GCC_C_LANGUAGE_STANDARD = gnu11;
				GCC_NO_COMMON_BLOCKS = YES;
				GCC_WARN_64_TO_32_BIT_CONVERSION = YES;
				GCC_WARN_ABOUT_RETURN_TYPE = YES_ERROR;
				GCC_WARN_UNDECLARED_SELECTOR = YES;
				GCC_WARN_UNINITIALIZED_AUTOS = YES_AGGRESSIVE;
				GCC_WARN_UNUSED_FUNCTION = YES;
				GCC_WARN_UNUSED_VARIABLE = YES;
				IPHONEOS_DEPLOYMENT_TARGET = 15.4;
				MTL_ENABLE_DEBUG_INFO = NO;
				MTL_FAST_MATH = YES;
				SDKROOT = iphoneos;
				SWIFT_COMPILATION_MODE = wholemodule;
				SWIFT_OPTIMIZATION_LEVEL = "-O";
				VALIDATE_PRODUCT = YES;
				VERSIONING_SYSTEM = "apple-generic";
				VERSION_INFO_PREFIX = "";
			};
			name = Release;
		};
		67F7A51B280D7D0100F81750 /* Debug */ = {
			isa = XCBuildConfiguration;
			baseConfigurationReference = 4C7F88D0DCDC7841B9175BF8 /* Pods-AbhiLib.debug.xcconfig */;
			buildSettings = {
				CLANG_ENABLE_MODULES = YES;
				CODE_SIGN_STYLE = Automatic;
				CURRENT_PROJECT_VERSION = 1;
				DEFINES_MODULE = YES;
				DYLIB_COMPATIBILITY_VERSION = 1;
				DYLIB_CURRENT_VERSION = 1;
				DYLIB_INSTALL_NAME_BASE = "@rpath";
				GENERATE_INFOPLIST_FILE = YES;
				INFOPLIST_KEY_NSHumanReadableCopyright = "";
				INSTALL_PATH = "$(LOCAL_LIBRARY_DIR)/Frameworks";
				LD_RUNPATH_SEARCH_PATHS = (
					"$(inherited)",
					"@executable_path/Frameworks",
					"@loader_path/Frameworks",
				);
				MARKETING_VERSION = 1.0;
				PRODUCT_BUNDLE_IDENTIFIER = com.contis.AbhiLib;
				PRODUCT_NAME = "$(TARGET_NAME:c99extidentifier)";
				SKIP_INSTALL = YES;
				SWIFT_EMIT_LOC_STRINGS = YES;
				SWIFT_OPTIMIZATION_LEVEL = "-Onone";
				SWIFT_VERSION = 5.0;
				TARGETED_DEVICE_FAMILY = "1,2";
			};
			name = Debug;
		};
		67F7A51C280D7D0100F81750 /* Release */ = {
			isa = XCBuildConfiguration;
			baseConfigurationReference = 1F1B4D611EB559B33F26732B /* Pods-AbhiLib.release.xcconfig */;
			buildSettings = {
				CLANG_ENABLE_MODULES = YES;
				CODE_SIGN_STYLE = Automatic;
				CURRENT_PROJECT_VERSION = 1;
				DEFINES_MODULE = YES;
				DYLIB_COMPATIBILITY_VERSION = 1;
				DYLIB_CURRENT_VERSION = 1;
				DYLIB_INSTALL_NAME_BASE = "@rpath";
				GENERATE_INFOPLIST_FILE = YES;
				INFOPLIST_KEY_NSHumanReadableCopyright = "";
				INSTALL_PATH = "$(LOCAL_LIBRARY_DIR)/Frameworks";
				LD_RUNPATH_SEARCH_PATHS = (
					"$(inherited)",
					"@executable_path/Frameworks",
					"@loader_path/Frameworks",
				);
				MARKETING_VERSION = 1.0;
				PRODUCT_BUNDLE_IDENTIFIER = com.contis.AbhiLib;
				PRODUCT_NAME = "$(TARGET_NAME:c99extidentifier)";
				SKIP_INSTALL = YES;
				SWIFT_EMIT_LOC_STRINGS = YES;
				SWIFT_VERSION = 5.0;
				TARGETED_DEVICE_FAMILY = "1,2";
			};
			name = Release;
		};
		67F7A51E280D7D0100F81750 /* Debug */ = {
			isa = XCBuildConfiguration;
			baseConfigurationReference = A8E5F9DD1D4421A42B78FD73 /* Pods-AbhiLib-AbhiLibTests.debug.xcconfig */;
			buildSettings = {
				ALWAYS_EMBED_SWIFT_STANDARD_LIBRARIES = YES;
				CODE_SIGN_STYLE = Automatic;
				CURRENT_PROJECT_VERSION = 1;
				GENERATE_INFOPLIST_FILE = YES;
				MARKETING_VERSION = 1.0;
				PRODUCT_BUNDLE_IDENTIFIER = com.contis.AbhiLibTests;
				PRODUCT_NAME = "$(TARGET_NAME)";
				SWIFT_EMIT_LOC_STRINGS = NO;
				SWIFT_VERSION = 5.0;
				TARGETED_DEVICE_FAMILY = "1,2";
			};
			name = Debug;
		};
		67F7A51F280D7D0100F81750 /* Release */ = {
			isa = XCBuildConfiguration;
			baseConfigurationReference = 1A69E3802D589D663320E09B /* Pods-AbhiLib-AbhiLibTests.release.xcconfig */;
			buildSettings = {
				ALWAYS_EMBED_SWIFT_STANDARD_LIBRARIES = YES;
				CODE_SIGN_STYLE = Automatic;
				CURRENT_PROJECT_VERSION = 1;
				GENERATE_INFOPLIST_FILE = YES;
				MARKETING_VERSION = 1.0;
				PRODUCT_BUNDLE_IDENTIFIER = com.contis.AbhiLibTests;
				PRODUCT_NAME = "$(TARGET_NAME)";
				SWIFT_EMIT_LOC_STRINGS = NO;
				SWIFT_VERSION = 5.0;
				TARGETED_DEVICE_FAMILY = "1,2";
			};
			name = Release;
		};
		67F7A536280D7D3400F81750 /* Debug */ = {
			isa = XCBuildConfiguration;
			baseConfigurationReference = 3754F95CFDF5A528E9355F93 /* Pods-AbhiLibExample.debug.xcconfig */;
			buildSettings = {
				ASSETCATALOG_COMPILER_APPICON_NAME = AppIcon;
				ASSETCATALOG_COMPILER_GLOBAL_ACCENT_COLOR_NAME = AccentColor;
				CODE_SIGN_STYLE = Automatic;
				CURRENT_PROJECT_VERSION = 1;
				GENERATE_INFOPLIST_FILE = YES;
				INFOPLIST_FILE = AbhiLibExample/Info.plist;
				INFOPLIST_KEY_UIApplicationSupportsIndirectInputEvents = YES;
				INFOPLIST_KEY_UILaunchStoryboardName = LaunchScreen;
				INFOPLIST_KEY_UIMainStoryboardFile = Main;
				INFOPLIST_KEY_UISupportedInterfaceOrientations_iPad = "UIInterfaceOrientationPortrait UIInterfaceOrientationPortraitUpsideDown UIInterfaceOrientationLandscapeLeft UIInterfaceOrientationLandscapeRight";
				INFOPLIST_KEY_UISupportedInterfaceOrientations_iPhone = "UIInterfaceOrientationPortrait UIInterfaceOrientationLandscapeLeft UIInterfaceOrientationLandscapeRight";
				LD_RUNPATH_SEARCH_PATHS = (
					"$(inherited)",
					"@executable_path/Frameworks",
				);
				MARKETING_VERSION = 1.0;
				PRODUCT_BUNDLE_IDENTIFIER = com.contis.AbhiLibExample;
				PRODUCT_NAME = "$(TARGET_NAME)";
				SWIFT_EMIT_LOC_STRINGS = YES;
				SWIFT_VERSION = 5.0;
				TARGETED_DEVICE_FAMILY = "1,2";
			};
			name = Debug;
		};
		67F7A537280D7D3400F81750 /* Release */ = {
			isa = XCBuildConfiguration;
			baseConfigurationReference = 845DF65A99B7BAE16DD6F9A9 /* Pods-AbhiLibExample.release.xcconfig */;
			buildSettings = {
				ASSETCATALOG_COMPILER_APPICON_NAME = AppIcon;
				ASSETCATALOG_COMPILER_GLOBAL_ACCENT_COLOR_NAME = AccentColor;
				CODE_SIGN_STYLE = Automatic;
				CURRENT_PROJECT_VERSION = 1;
				GENERATE_INFOPLIST_FILE = YES;
				INFOPLIST_FILE = AbhiLibExample/Info.plist;
				INFOPLIST_KEY_UIApplicationSupportsIndirectInputEvents = YES;
				INFOPLIST_KEY_UILaunchStoryboardName = LaunchScreen;
				INFOPLIST_KEY_UIMainStoryboardFile = Main;
				INFOPLIST_KEY_UISupportedInterfaceOrientations_iPad = "UIInterfaceOrientationPortrait UIInterfaceOrientationPortraitUpsideDown UIInterfaceOrientationLandscapeLeft UIInterfaceOrientationLandscapeRight";
				INFOPLIST_KEY_UISupportedInterfaceOrientations_iPhone = "UIInterfaceOrientationPortrait UIInterfaceOrientationLandscapeLeft UIInterfaceOrientationLandscapeRight";
				LD_RUNPATH_SEARCH_PATHS = (
					"$(inherited)",
					"@executable_path/Frameworks",
				);
				MARKETING_VERSION = 1.0;
				PRODUCT_BUNDLE_IDENTIFIER = com.contis.AbhiLibExample;
				PRODUCT_NAME = "$(TARGET_NAME)";
				SWIFT_EMIT_LOC_STRINGS = YES;
				SWIFT_VERSION = 5.0;
				TARGETED_DEVICE_FAMILY = "1,2";
			};
			name = Release;
		};
/* End XCBuildConfiguration section */

/* Begin XCConfigurationList section */
		67F7A502280D7D0100F81750 /* Build configuration list for PBXProject "AbhiLib" */ = {
			isa = XCConfigurationList;
			buildConfigurations = (
				67F7A518280D7D0100F81750 /* Debug */,
				67F7A519280D7D0100F81750 /* Release */,
			);
			defaultConfigurationIsVisible = 0;
			defaultConfigurationName = Release;
		};
		67F7A51A280D7D0100F81750 /* Build configuration list for PBXNativeTarget "AbhiLib" */ = {
			isa = XCConfigurationList;
			buildConfigurations = (
				67F7A51B280D7D0100F81750 /* Debug */,
				67F7A51C280D7D0100F81750 /* Release */,
			);
			defaultConfigurationIsVisible = 0;
			defaultConfigurationName = Release;
		};
		67F7A51D280D7D0100F81750 /* Build configuration list for PBXNativeTarget "AbhiLibTests" */ = {
			isa = XCConfigurationList;
			buildConfigurations = (
				67F7A51E280D7D0100F81750 /* Debug */,
				67F7A51F280D7D0100F81750 /* Release */,
			);
			defaultConfigurationIsVisible = 0;
			defaultConfigurationName = Release;
		};
		67F7A535280D7D3400F81750 /* Build configuration list for PBXNativeTarget "AbhiLibExample" */ = {
			isa = XCConfigurationList;
			buildConfigurations = (
				67F7A536280D7D3400F81750 /* Debug */,
				67F7A537280D7D3400F81750 /* Release */,
			);
			defaultConfigurationIsVisible = 0;
			defaultConfigurationName = Release;
		};
/* End XCConfigurationList section */
	};
	rootObject = 67F7A4FF280D7D0100F81750 /* Project object */;
}
